
Microsoft Visual Studio Solution File, Format Version 12.00
# Visual Studio 14
VisualStudioVersion = 14.0.25420.1
MinimumVisualStudioVersion = 10.0.40219.1
Project("{FAE04EC0-301F-11D3-BF4B-00C04F79EFBC}") = "AutomataProject", "AutomataProject\AutomataProject.csproj", "{5D47A1C4-8E59-4D6E-9C93-DF9612E4C961}"
EndProject
Global
	GlobalSection(SolutionConfigurationPlatforms) = preSolution
		Debug|Any CPU = Debug|Any CPU
		Release|Any CPU = Release|Any CPU
	EndGlobalSection
	GlobalSection(ProjectConfigurationPlatforms) = postSolution
		{5D47A1C4-8E59-4D6E-9C93-DF9612E4C961}.Debug|Any CPU.ActiveCfg = Debug|Any CPU
		{5D47A1C4-8E59-4D6E-9C93-DF9612E4C961}.Debug|Any CPU.Build.0 = Debug|Any CPU
		{5D47A1C4-8E59-4D6E-9C93-DF9612E4C961}.Release|Any CPU.ActiveCfg = Release|Any CPU
		{5D47A1C4-8E59-4D6E-9C93-DF9612E4C961}.Release|Any CPU.Build.0 = Release|Any CPU
	EndGlobalSection
	GlobalSection(SolutionProperties) = preSolution
		HideSolutionNode = FALSE
	EndGlobalSection
EndGlobal
